// !$*UTF8*$!
{
	archiveVersion = 1;
	classes = {
	};
	objectVersion = 56;
	objects = {

/* Begin PBXBuildFile section */
		6F521BEA2BCB9F2900B4D9B2 /* NotificationsView.swift in Sources */ = {isa = PBXBuildFile; fileRef = 6F521BE42BCB9F2900B4D9B2 /* NotificationsView.swift */; };
		6F521BEB2BCB9F2900B4D9B2 /* PortfolioView.swift in Sources */ = {isa = PBXBuildFile; fileRef = 6F521BE52BCB9F2900B4D9B2 /* PortfolioView.swift */; };
		6F521BEC2BCB9F2900B4D9B2 /* SecurityGraphView.swift in Sources */ = {isa = PBXBuildFile; fileRef = 6F521BE62BCB9F2900B4D9B2 /* SecurityGraphView.swift */; };
		6F521BED2BCB9F2900B4D9B2 /* HomeView.swift in Sources */ = {isa = PBXBuildFile; fileRef = 6F521BE72BCB9F2900B4D9B2 /* HomeView.swift */; };
		6F521BEE2BCB9F2900B4D9B2 /* ResearchView.swift in Sources */ = {isa = PBXBuildFile; fileRef = 6F521BE82BCB9F2900B4D9B2 /* ResearchView.swift */; };
		6F521BEF2BCB9F2900B4D9B2 /* ProfileView.swift in Sources */ = {isa = PBXBuildFile; fileRef = 6F521BE92BCB9F2900B4D9B2 /* ProfileView.swift */; };
		6F7F45862BCB979200AD82BF /* Assets.xcassets in Resources */ = {isa = PBXBuildFile; fileRef = 6F7F45852BCB979200AD82BF /* Assets.xcassets */; };
		6F7F45892BCB979200AD82BF /* Preview Assets.xcassets in Resources */ = {isa = PBXBuildFile; fileRef = 6F7F45882BCB979200AD82BF /* Preview Assets.xcassets */; };
		6F7F45932BCB979200AD82BF /* Fortune_TellerTests.swift in Sources */ = {isa = PBXBuildFile; fileRef = 6F7F45922BCB979200AD82BF /* Fortune_TellerTests.swift */; };
		6F7F459D2BCB979200AD82BF /* Fortune_TellerUITests.swift in Sources */ = {isa = PBXBuildFile; fileRef = 6F7F459C2BCB979200AD82BF /* Fortune_TellerUITests.swift */; };
		6F7F459F2BCB979200AD82BF /* Fortune_TellerUITestsLaunchTests.swift in Sources */ = {isa = PBXBuildFile; fileRef = 6F7F459E2BCB979200AD82BF /* Fortune_TellerUITestsLaunchTests.swift */; };
		6F7F45AC2BCB97E000AD82BF /* Fortune_TellerApp.swift in Sources */ = {isa = PBXBuildFile; fileRef = 6F7F45AB2BCB97DF00AD82BF /* Fortune_TellerApp.swift */; };
/* End PBXBuildFile section */

/* Begin PBXContainerItemProxy section */
		6F7F458F2BCB979200AD82BF /* PBXContainerItemProxy */ = {
			isa = PBXContainerItemProxy;
			containerPortal = 6F7F45762BCB979000AD82BF /* Project object */;
			proxyType = 1;
			remoteGlobalIDString = 6F7F457D2BCB979000AD82BF;
			remoteInfo = "Fortune Teller";
		};
		6F7F45992BCB979200AD82BF /* PBXContainerItemProxy */ = {
			isa = PBXContainerItemProxy;
			containerPortal = 6F7F45762BCB979000AD82BF /* Project object */;
			proxyType = 1;
			remoteGlobalIDString = 6F7F457D2BCB979000AD82BF;
			remoteInfo = "Fortune Teller";
		};
/* End PBXContainerItemProxy section */

/* Begin PBXFileReference section */
		6F521BE42BCB9F2900B4D9B2 /* NotificationsView.swift */ = {isa = PBXFileReference; fileEncoding = 4; lastKnownFileType = sourcecode.swift; path = NotificationsView.swift; sourceTree = "<group>"; };
		6F521BE52BCB9F2900B4D9B2 /* PortfolioView.swift */ = {isa = PBXFileReference; fileEncoding = 4; lastKnownFileType = sourcecode.swift; path = PortfolioView.swift; sourceTree = "<group>"; };
		6F521BE62BCB9F2900B4D9B2 /* SecurityGraphView.swift */ = {isa = PBXFileReference; fileEncoding = 4; lastKnownFileType = sourcecode.swift; path = SecurityGraphView.swift; sourceTree = "<group>"; };
		6F521BE72BCB9F2900B4D9B2 /* HomeView.swift */ = {isa = PBXFileReference; fileEncoding = 4; lastKnownFileType = sourcecode.swift; path = HomeView.swift; sourceTree = "<group>"; };
		6F521BE82BCB9F2900B4D9B2 /* ResearchView.swift */ = {isa = PBXFileReference; fileEncoding = 4; lastKnownFileType = sourcecode.swift; path = ResearchView.swift; sourceTree = "<group>"; };
		6F521BE92BCB9F2900B4D9B2 /* ProfileView.swift */ = {isa = PBXFileReference; fileEncoding = 4; lastKnownFileType = sourcecode.swift; path = ProfileView.swift; sourceTree = "<group>"; };
		6F7F457E2BCB979000AD82BF /* Fortune Teller.app */ = {isa = PBXFileReference; explicitFileType = wrapper.application; includeInIndex = 0; path = "Fortune Teller.app"; sourceTree = BUILT_PRODUCTS_DIR; };
		6F7F45852BCB979200AD82BF /* Assets.xcassets */ = {isa = PBXFileReference; lastKnownFileType = folder.assetcatalog; path = Assets.xcassets; sourceTree = "<group>"; };
		6F7F45882BCB979200AD82BF /* Preview Assets.xcassets */ = {isa = PBXFileReference; lastKnownFileType = folder.assetcatalog; path = "Preview Assets.xcassets"; sourceTree = "<group>"; };
		6F7F458E2BCB979200AD82BF /* Fortune TellerTests.xctest */ = {isa = PBXFileReference; explicitFileType = wrapper.cfbundle; includeInIndex = 0; path = "Fortune TellerTests.xctest"; sourceTree = BUILT_PRODUCTS_DIR; };
		6F7F45922BCB979200AD82BF /* Fortune_TellerTests.swift */ = {isa = PBXFileReference; lastKnownFileType = sourcecode.swift; path = Fortune_TellerTests.swift; sourceTree = "<group>"; };
		6F7F45982BCB979200AD82BF /* Fortune TellerUITests.xctest */ = {isa = PBXFileReference; explicitFileType = wrapper.cfbundle; includeInIndex = 0; path = "Fortune TellerUITests.xctest"; sourceTree = BUILT_PRODUCTS_DIR; };
		6F7F459C2BCB979200AD82BF /* Fortune_TellerUITests.swift */ = {isa = PBXFileReference; lastKnownFileType = sourcecode.swift; path = Fortune_TellerUITests.swift; sourceTree = "<group>"; };
		6F7F459E2BCB979200AD82BF /* Fortune_TellerUITestsLaunchTests.swift */ = {isa = PBXFileReference; lastKnownFileType = sourcecode.swift; path = Fortune_TellerUITestsLaunchTests.swift; sourceTree = "<group>"; };
		6F7F45AB2BCB97DF00AD82BF /* Fortune_TellerApp.swift */ = {isa = PBXFileReference; fileEncoding = 4; lastKnownFileType = sourcecode.swift; name = Fortune_TellerApp.swift; path = ../../fortune_teller_ios/Fortune_TellerApp.swift; sourceTree = "<group>"; };
/* End PBXFileReference section */

/* Begin PBXFrameworksBuildPhase section */
		6F7F457B2BCB979000AD82BF /* Frameworks */ = {
			isa = PBXFrameworksBuildPhase;
			buildActionMask = 2147483647;
			files = (
			);
			runOnlyForDeploymentPostprocessing = 0;
		};
		6F7F458B2BCB979200AD82BF /* Frameworks */ = {
			isa = PBXFrameworksBuildPhase;
			buildActionMask = 2147483647;
			files = (
			);
			runOnlyForDeploymentPostprocessing = 0;
		};
		6F7F45952BCB979200AD82BF /* Frameworks */ = {
			isa = PBXFrameworksBuildPhase;
			buildActionMask = 2147483647;
			files = (
			);
			runOnlyForDeploymentPostprocessing = 0;
		};
/* End PBXFrameworksBuildPhase section */

/* Begin PBXGroup section */
		6F7F45752BCB979000AD82BF = {
			isa = PBXGroup;
			children = (
				6F7F45802BCB979000AD82BF /* Fortune Teller */,
				6F7F45912BCB979200AD82BF /* Fortune TellerTests */,
				6F7F459B2BCB979200AD82BF /* Fortune TellerUITests */,
				6F7F457F2BCB979000AD82BF /* Products */,
			);
			sourceTree = "<group>";
		};
		6F7F457F2BCB979000AD82BF /* Products */ = {
			isa = PBXGroup;
			children = (
				6F7F457E2BCB979000AD82BF /* Fortune Teller.app */,
				6F7F458E2BCB979200AD82BF /* Fortune TellerTests.xctest */,
				6F7F45982BCB979200AD82BF /* Fortune TellerUITests.xctest */,
			);
			name = Products;
			sourceTree = "<group>";
		};
		6F7F45802BCB979000AD82BF /* Fortune Teller */ = {
			isa = PBXGroup;
			children = (
				6F521BE72BCB9F2900B4D9B2 /* HomeView.swift */,
				6F521BE42BCB9F2900B4D9B2 /* NotificationsView.swift */,
				6F521BE52BCB9F2900B4D9B2 /* PortfolioView.swift */,
				6F521BE92BCB9F2900B4D9B2 /* ProfileView.swift */,
				6F521BE82BCB9F2900B4D9B2 /* ResearchView.swift */,
				6F521BE62BCB9F2900B4D9B2 /* SecurityGraphView.swift */,
				6F7F45AB2BCB97DF00AD82BF /* Fortune_TellerApp.swift */,
				6F7F45852BCB979200AD82BF /* Assets.xcassets */,
				6F7F45872BCB979200AD82BF /* Preview Content */,
			);
			path = "Fortune Teller";
			sourceTree = "<group>";
		};
		6F7F45872BCB979200AD82BF /* Preview Content */ = {
			isa = PBXGroup;
			children = (
				6F7F45882BCB979200AD82BF /* Preview Assets.xcassets */,
			);
			path = "Preview Content";
			sourceTree = "<group>";
		};
		6F7F45912BCB979200AD82BF /* Fortune TellerTests */ = {
			isa = PBXGroup;
			children = (
				6F7F45922BCB979200AD82BF /* Fortune_TellerTests.swift */,
			);
			path = "Fortune TellerTests";
			sourceTree = "<group>";
		};
		6F7F459B2BCB979200AD82BF /* Fortune TellerUITests */ = {
			isa = PBXGroup;
			children = (
				6F7F459C2BCB979200AD82BF /* Fortune_TellerUITests.swift */,
				6F7F459E2BCB979200AD82BF /* Fortune_TellerUITestsLaunchTests.swift */,
			);
			path = "Fortune TellerUITests";
			sourceTree = "<group>";
		};
/* End PBXGroup section */

/* Begin PBXNativeTarget section */
		6F7F457D2BCB979000AD82BF /* Fortune Teller */ = {
			isa = PBXNativeTarget;
			buildConfigurationList = 6F7F45A22BCB979200AD82BF /* Build configuration list for PBXNativeTarget "Fortune Teller" */;
			buildPhases = (
				6F7F457A2BCB979000AD82BF /* Sources */,
				6F7F457B2BCB979000AD82BF /* Frameworks */,
				6F7F457C2BCB979000AD82BF /* Resources */,
			);
			buildRules = (
			);
			dependencies = (
			);
			name = "Fortune Teller";
			productName = "Fortune Teller";
			productReference = 6F7F457E2BCB979000AD82BF /* Fortune Teller.app */;
			productType = "com.apple.product-type.application";
		};
		6F7F458D2BCB979200AD82BF /* Fortune TellerTests */ = {
			isa = PBXNativeTarget;
			buildConfigurationList = 6F7F45A52BCB979200AD82BF /* Build configuration list for PBXNativeTarget "Fortune TellerTests" */;
			buildPhases = (
				6F7F458A2BCB979200AD82BF /* Sources */,
				6F7F458B2BCB979200AD82BF /* Frameworks */,
				6F7F458C2BCB979200AD82BF /* Resources */,
			);
			buildRules = (
			);
			dependencies = (
				6F7F45902BCB979200AD82BF /* PBXTargetDependency */,
			);
			name = "Fortune TellerTests";
			productName = "Fortune TellerTests";
			productReference = 6F7F458E2BCB979200AD82BF /* Fortune TellerTests.xctest */;
			productType = "com.apple.product-type.bundle.unit-test";
		};
		6F7F45972BCB979200AD82BF /* Fortune TellerUITests */ = {
			isa = PBXNativeTarget;
			buildConfigurationList = 6F7F45A82BCB979200AD82BF /* Build configuration list for PBXNativeTarget "Fortune TellerUITests" */;
			buildPhases = (
				6F7F45942BCB979200AD82BF /* Sources */,
				6F7F45952BCB979200AD82BF /* Frameworks */,
				6F7F45962BCB979200AD82BF /* Resources */,
			);
			buildRules = (
			);
			dependencies = (
				6F7F459A2BCB979200AD82BF /* PBXTargetDependency */,
			);
			name = "Fortune TellerUITests";
			productName = "Fortune TellerUITests";
			productReference = 6F7F45982BCB979200AD82BF /* Fortune TellerUITests.xctest */;
			productType = "com.apple.product-type.bundle.ui-testing";
		};
/* End PBXNativeTarget section */

/* Begin PBXProject section */
		6F7F45762BCB979000AD82BF /* Project object */ = {
			isa = PBXProject;
			attributes = {
				BuildIndependentTargetsInParallel = 1;
				LastSwiftUpdateCheck = 1530;
				LastUpgradeCheck = 1530;
				TargetAttributes = {
					6F7F457D2BCB979000AD82BF = {
						CreatedOnToolsVersion = 15.3;
					};
					6F7F458D2BCB979200AD82BF = {
						CreatedOnToolsVersion = 15.3;
						TestTargetID = 6F7F457D2BCB979000AD82BF;
					};
					6F7F45972BCB979200AD82BF = {
						CreatedOnToolsVersion = 15.3;
						TestTargetID = 6F7F457D2BCB979000AD82BF;
					};
				};
			};
			buildConfigurationList = 6F7F45792BCB979000AD82BF /* Build configuration list for PBXProject "Fortune Teller" */;
			compatibilityVersion = "Xcode 14.0";
			developmentRegion = en;
			hasScannedForEncodings = 0;
			knownRegions = (
				en,
				Base,
			);
			mainGroup = 6F7F45752BCB979000AD82BF;
			productRefGroup = 6F7F457F2BCB979000AD82BF /* Products */;
			projectDirPath = "";
			projectRoot = "";
			targets = (
				6F7F457D2BCB979000AD82BF /* Fortune Teller */,
				6F7F458D2BCB979200AD82BF /* Fortune TellerTests */,
				6F7F45972BCB979200AD82BF /* Fortune TellerUITests */,
			);
		};
/* End PBXProject section */

/* Begin PBXResourcesBuildPhase section */
		6F7F457C2BCB979000AD82BF /* Resources */ = {
			isa = PBXResourcesBuildPhase;
			buildActionMask = 2147483647;
			files = (
				6F7F45892BCB979200AD82BF /* Preview Assets.xcassets in Resources */,
				6F7F45862BCB979200AD82BF /* Assets.xcassets in Resources */,
			);
			runOnlyForDeploymentPostprocessing = 0;
		};
		6F7F458C2BCB979200AD82BF /* Resources */ = {
			isa = PBXResourcesBuildPhase;
			buildActionMask = 2147483647;
			files = (
			);
			runOnlyForDeploymentPostprocessing = 0;
		};
		6F7F45962BCB979200AD82BF /* Resources */ = {
			isa = PBXResourcesBuildPhase;
			buildActionMask = 2147483647;
			files = (
			);
			runOnlyForDeploymentPostprocessing = 0;
		};
/* End PBXResourcesBuildPhase section */

/* Begin PBXSourcesBuildPhase section */
		6F7F457A2BCB979000AD82BF /* Sources */ = {
			isa = PBXSourcesBuildPhase;
			buildActionMask = 2147483647;
			files = (
				6F7F45AC2BCB97E000AD82BF /* Fortune_TellerApp.swift in Sources */,
				6F521BEB2BCB9F2900B4D9B2 /* PortfolioView.swift in Sources */,
				6F521BEA2BCB9F2900B4D9B2 /* NotificationsView.swift in Sources */,
				6F521BED2BCB9F2900B4D9B2 /* HomeView.swift in Sources */,
				6F521BEC2BCB9F2900B4D9B2 /* SecurityGraphView.swift in Sources */,
				6F521BEF2BCB9F2900B4D9B2 /* ProfileView.swift in Sources */,
				6F521BEE2BCB9F2900B4D9B2 /* ResearchView.swift in Sources */,
			);
			runOnlyForDeploymentPostprocessing = 0;
		};
		6F7F458A2BCB979200AD82BF /* Sources */ = {
			isa = PBXSourcesBuildPhase;
			buildActionMask = 2147483647;
			files = (
				6F7F45932BCB979200AD82BF /* Fortune_TellerTests.swift in Sources */,
			);
			runOnlyForDeploymentPostprocessing = 0;
		};
		6F7F45942BCB979200AD82BF /* Sources */ = {
			isa = PBXSourcesBuildPhase;
			buildActionMask = 2147483647;
			files = (
				6F7F459F2BCB979200AD82BF /* Fortune_TellerUITestsLaunchTests.swift in Sources */,
				6F7F459D2BCB979200AD82BF /* Fortune_TellerUITests.swift in Sources */,
			);
			runOnlyForDeploymentPostprocessing = 0;
		};
/* End PBXSourcesBuildPhase section */

/* Begin PBXTargetDependency section */
		6F7F45902BCB979200AD82BF /* PBXTargetDependency */ = {
			isa = PBXTargetDependency;
			target = 6F7F457D2BCB979000AD82BF /* Fortune Teller */;
			targetProxy = 6F7F458F2BCB979200AD82BF /* PBXContainerItemProxy */;
		};
		6F7F459A2BCB979200AD82BF /* PBXTargetDependency */ = {
			isa = PBXTargetDependency;
			target = 6F7F457D2BCB979000AD82BF /* Fortune Teller */;
			targetProxy = 6F7F45992BCB979200AD82BF /* PBXContainerItemProxy */;
		};
/* End PBXTargetDependency section */

/* Begin XCBuildConfiguration section */
		6F7F45A02BCB979200AD82BF /* Debug */ = {
			isa = XCBuildConfiguration;
			buildSettings = {
				ALWAYS_SEARCH_USER_PATHS = NO;
				ASSETCATALOG_COMPILER_GENERATE_SWIFT_ASSET_SYMBOL_EXTENSIONS = YES;
				CLANG_ANALYZER_NONNULL = YES;
				CLANG_ANALYZER_NUMBER_OBJECT_CONVERSION = YES_AGGRESSIVE;
				CLANG_CXX_LANGUAGE_STANDARD = "gnu++20";
				CLANG_ENABLE_MODULES = YES;
				CLANG_ENABLE_OBJC_ARC = YES;
				CLANG_ENABLE_OBJC_WEAK = YES;
				CLANG_WARN_BLOCK_CAPTURE_AUTORELEASING = YES;
				CLANG_WARN_BOOL_CONVERSION = YES;
				CLANG_WARN_COMMA = YES;
				CLANG_WARN_CONSTANT_CONVERSION = YES;
				CLANG_WARN_DEPRECATED_OBJC_IMPLEMENTATIONS = YES;
				CLANG_WARN_DIRECT_OBJC_ISA_USAGE = YES_ERROR;
				CLANG_WARN_DOCUMENTATION_COMMENTS = YES;
				CLANG_WARN_EMPTY_BODY = YES;
				CLANG_WARN_ENUM_CONVERSION = YES;
				CLANG_WARN_INFINITE_RECURSION = YES;
				CLANG_WARN_INT_CONVERSION = YES;
				CLANG_WARN_NON_LITERAL_NULL_CONVERSION = YES;
				CLANG_WARN_OBJC_IMPLICIT_RETAIN_SELF = YES;
				CLANG_WARN_OBJC_LITERAL_CONVERSION = YES;
				CLANG_WARN_OBJC_ROOT_CLASS = YES_ERROR;
				CLANG_WARN_QUOTED_INCLUDE_IN_FRAMEWORK_HEADER = YES;
				CLANG_WARN_RANGE_LOOP_ANALYSIS = YES;
				CLANG_WARN_STRICT_PROTOTYPES = YES;
				CLANG_WARN_SUSPICIOUS_MOVE = YES;
				CLANG_WARN_UNGUARDED_AVAILABILITY = YES_AGGRESSIVE;
				CLANG_WARN_UNREACHABLE_CODE = YES;
				CLANG_WARN__DUPLICATE_METHOD_MATCH = YES;
				COPY_PHASE_STRIP = NO;
				DEBUG_INFORMATION_FORMAT = dwarf;
				ENABLE_STRICT_OBJC_MSGSEND = YES;
				ENABLE_TESTABILITY = YES;
				ENABLE_USER_SCRIPT_SANDBOXING = YES;
				GCC_C_LANGUAGE_STANDARD = gnu17;
				GCC_DYNAMIC_NO_PIC = NO;
				GCC_NO_COMMON_BLOCKS = YES;
				GCC_OPTIMIZATION_LEVEL = 0;
				GCC_PREPROCESSOR_DEFINITIONS = (
					"DEBUG=1",
					"$(inherited)",
				);
				GCC_WARN_64_TO_32_BIT_CONVERSION = YES;
				GCC_WARN_ABOUT_RETURN_TYPE = YES_ERROR;
				GCC_WARN_UNDECLARED_SELECTOR = YES;
				GCC_WARN_UNINITIALIZED_AUTOS = YES_AGGRESSIVE;
				GCC_WARN_UNUSED_FUNCTION = YES;
				GCC_WARN_UNUSED_VARIABLE = YES;
				IPHONEOS_DEPLOYMENT_TARGET = 17.4;
				LOCALIZATION_PREFERS_STRING_CATALOGS = YES;
				MTL_ENABLE_DEBUG_INFO = INCLUDE_SOURCE;
				MTL_FAST_MATH = YES;
				ONLY_ACTIVE_ARCH = YES;
				SDKROOT = iphoneos;
				SWIFT_ACTIVE_COMPILATION_CONDITIONS = "DEBUG $(inherited)";
				SWIFT_OPTIMIZATION_LEVEL = "-Onone";
			};
			name = Debug;
		};
		6F7F45A12BCB979200AD82BF /* Release */ = {
			isa = XCBuildConfiguration;
			buildSettings = {
				ALWAYS_SEARCH_USER_PATHS = NO;
				ASSETCATALOG_COMPILER_GENERATE_SWIFT_ASSET_SYMBOL_EXTENSIONS = YES;
				CLANG_ANALYZER_NONNULL = YES;
				CLANG_ANALYZER_NUMBER_OBJECT_CONVERSION = YES_AGGRESSIVE;
				CLANG_CXX_LANGUAGE_STANDARD = "gnu++20";
				CLANG_ENABLE_MODULES = YES;
				CLANG_ENABLE_OBJC_ARC = YES;
				CLANG_ENABLE_OBJC_WEAK = YES;
				CLANG_WARN_BLOCK_CAPTURE_AUTORELEASING = YES;
				CLANG_WARN_BOOL_CONVERSION = YES;
				CLANG_WARN_COMMA = YES;
				CLANG_WARN_CONSTANT_CONVERSION = YES;
				CLANG_WARN_DEPRECATED_OBJC_IMPLEMENTATIONS = YES;
				CLANG_WARN_DIRECT_OBJC_ISA_USAGE = YES_ERROR;
				CLANG_WARN_DOCUMENTATION_COMMENTS = YES;
				CLANG_WARN_EMPTY_BODY = YES;
				CLANG_WARN_ENUM_CONVERSION = YES;
				CLANG_WARN_INFINITE_RECURSION = YES;
				CLANG_WARN_INT_CONVERSION = YES;
				CLANG_WARN_NON_LITERAL_NULL_CONVERSION = YES;
				CLANG_WARN_OBJC_IMPLICIT_RETAIN_SELF = YES;
				CLANG_WARN_OBJC_LITERAL_CONVERSION = YES;
				CLANG_WARN_OBJC_ROOT_CLASS = YES_ERROR;
				CLANG_WARN_QUOTED_INCLUDE_IN_FRAMEWORK_HEADER = YES;
				CLANG_WARN_RANGE_LOOP_ANALYSIS = YES;
				CLANG_WARN_STRICT_PROTOTYPES = YES;
				CLANG_WARN_SUSPICIOUS_MOVE = YES;
				CLANG_WARN_UNGUARDED_AVAILABILITY = YES_AGGRESSIVE;
				CLANG_WARN_UNREACHABLE_CODE = YES;
				CLANG_WARN__DUPLICATE_METHOD_MATCH = YES;
				COPY_PHASE_STRIP = NO;
				DEBUG_INFORMATION_FORMAT = "dwarf-with-dsym";
				ENABLE_NS_ASSERTIONS = NO;
				ENABLE_STRICT_OBJC_MSGSEND = YES;
				ENABLE_USER_SCRIPT_SANDBOXING = YES;
				GCC_C_LANGUAGE_STANDARD = gnu17;
				GCC_NO_COMMON_BLOCKS = YES;
				GCC_WARN_64_TO_32_BIT_CONVERSION = YES;
				GCC_WARN_ABOUT_RETURN_TYPE = YES_ERROR;
				GCC_WARN_UNDECLARED_SELECTOR = YES;
				GCC_WARN_UNINITIALIZED_AUTOS = YES_AGGRESSIVE;
				GCC_WARN_UNUSED_FUNCTION = YES;
				GCC_WARN_UNUSED_VARIABLE = YES;
				IPHONEOS_DEPLOYMENT_TARGET = 17.4;
				LOCALIZATION_PREFERS_STRING_CATALOGS = YES;
				MTL_ENABLE_DEBUG_INFO = NO;
				MTL_FAST_MATH = YES;
				SDKROOT = iphoneos;
				SWIFT_COMPILATION_MODE = wholemodule;
				VALIDATE_PRODUCT = YES;
			};
			name = Release;
		};
		6F7F45A32BCB979200AD82BF /* Debug */ = {
			isa = XCBuildConfiguration;
			buildSettings = {
				ASSETCATALOG_COMPILER_APPICON_NAME = AppIcon;
				ASSETCATALOG_COMPILER_GLOBAL_ACCENT_COLOR_NAME = AccentColor;
				CODE_SIGN_STYLE = Automatic;
				CURRENT_PROJECT_VERSION = 1;
				DEVELOPMENT_ASSET_PATHS = "\"Fortune Teller/Preview Content\"";
				ENABLE_PREVIEWS = YES;
				GENERATE_INFOPLIST_FILE = YES;
				INFOPLIST_KEY_UIApplicationSceneManifest_Generation = YES;
				INFOPLIST_KEY_UIApplicationSupportsIndirectInputEvents = YES;
				INFOPLIST_KEY_UILaunchScreen_Generation = YES;
				INFOPLIST_KEY_UISupportedInterfaceOrientations_iPad = "UIInterfaceOrientationPortrait UIInterfaceOrientationPortraitUpsideDown UIInterfaceOrientationLandscapeLeft UIInterfaceOrientationLandscapeRight";
				INFOPLIST_KEY_UISupportedInterfaceOrientations_iPhone = "UIInterfaceOrientationPortrait UIInterfaceOrientationLandscapeLeft UIInterfaceOrientationLandscapeRight";
				LD_RUNPATH_SEARCH_PATHS = (
					"$(inherited)",
					"@executable_path/Frameworks",
				);
				MARKETING_VERSION = 1.0;
				PRODUCT_BUNDLE_IDENTIFIER = "FT.Fortune-Teller";
				PRODUCT_NAME = "$(TARGET_NAME)";
				SWIFT_EMIT_LOC_STRINGS = YES;
				SWIFT_VERSION = 5.0;
				TARGETED_DEVICE_FAMILY = "1,2";
			};
			name = Debug;
		};
		6F7F45A42BCB979200AD82BF /* Release */ = {
			isa = XCBuildConfiguration;
			buildSettings = {
				ASSETCATALOG_COMPILER_APPICON_NAME = AppIcon;
				ASSETCATALOG_COMPILER_GLOBAL_ACCENT_COLOR_NAME = AccentColor;
				CODE_SIGN_STYLE = Automatic;
				CURRENT_PROJECT_VERSION = 1;
				DEVELOPMENT_ASSET_PATHS = "\"Fortune Teller/Preview Content\"";
				ENABLE_PREVIEWS = YES;
				GENERATE_INFOPLIST_FILE = YES;
				INFOPLIST_KEY_UIApplicationSceneManifest_Generation = YES;
				INFOPLIST_KEY_UIApplicationSupportsIndirectInputEvents = YES;
				INFOPLIST_KEY_UILaunchScreen_Generation = YES;
				INFOPLIST_KEY_UISupportedInterfaceOrientations_iPad = "UIInterfaceOrientationPortrait UIInterfaceOrientationPortraitUpsideDown UIInterfaceOrientationLandscapeLeft UIInterfaceOrientationLandscapeRight";
				INFOPLIST_KEY_UISupportedInterfaceOrientations_iPhone = "UIInterfaceOrientationPortrait UIInterfaceOrientationLandscapeLeft UIInterfaceOrientationLandscapeRight";
				LD_RUNPATH_SEARCH_PATHS = (
					"$(inherited)",
					"@executable_path/Frameworks",
				);
				MARKETING_VERSION = 1.0;
				PRODUCT_BUNDLE_IDENTIFIER = "FT.Fortune-Teller";
				PRODUCT_NAME = "$(TARGET_NAME)";
				SWIFT_EMIT_LOC_STRINGS = YES;
				SWIFT_VERSION = 5.0;
				TARGETED_DEVICE_FAMILY = "1,2";
			};
			name = Release;
		};
		6F7F45A62BCB979200AD82BF /* Debug */ = {
			isa = XCBuildConfiguration;
			buildSettings = {
				ALWAYS_EMBED_SWIFT_STANDARD_LIBRARIES = YES;
				BUNDLE_LOADER = "$(TEST_HOST)";
				CODE_SIGN_STYLE = Automatic;
				CURRENT_PROJECT_VERSION = 1;
				GENERATE_INFOPLIST_FILE = YES;
				IPHONEOS_DEPLOYMENT_TARGET = 17.4;
				MARKETING_VERSION = 1.0;
				PRODUCT_BUNDLE_IDENTIFIER = "FT.Fortune-TellerTests";
				PRODUCT_NAME = "$(TARGET_NAME)";
				SWIFT_EMIT_LOC_STRINGS = NO;
				SWIFT_VERSION = 5.0;
				TARGETED_DEVICE_FAMILY = "1,2";
				TEST_HOST = "$(BUILT_PRODUCTS_DIR)/Fortune Teller.app/$(BUNDLE_EXECUTABLE_FOLDER_PATH)/Fortune Teller";
			};
			name = Debug;
		};
		6F7F45A72BCB979200AD82BF /* Release */ = {
			isa = XCBuildConfiguration;
			buildSettings = {
				ALWAYS_EMBED_SWIFT_STANDARD_LIBRARIES = YES;
				BUNDLE_LOADER = "$(TEST_HOST)";
				CODE_SIGN_STYLE = Automatic;
				CURRENT_PROJECT_VERSION = 1;
				GENERATE_INFOPLIST_FILE = YES;
				IPHONEOS_DEPLOYMENT_TARGET = 17.4;
				MARKETING_VERSION = 1.0;
				PRODUCT_BUNDLE_IDENTIFIER = "FT.Fortune-TellerTests";
				PRODUCT_NAME = "$(TARGET_NAME)";
				SWIFT_EMIT_LOC_STRINGS = NO;
				SWIFT_VERSION = 5.0;
				TARGETED_DEVICE_FAMILY = "1,2";
				TEST_HOST = "$(BUILT_PRODUCTS_DIR)/Fortune Teller.app/$(BUNDLE_EXECUTABLE_FOLDER_PATH)/Fortune Teller";
			};
			name = Release;
		};
		6F7F45A92BCB979200AD82BF /* Debug */ = {
			isa = XCBuildConfiguration;
			buildSettings = {
				ALWAYS_EMBED_SWIFT_STANDARD_LIBRARIES = YES;
				CODE_SIGN_STYLE = Automatic;
				CURRENT_PROJECT_VERSION = 1;
				GENERATE_INFOPLIST_FILE = YES;
				MARKETING_VERSION = 1.0;
				PRODUCT_BUNDLE_IDENTIFIER = "FT.Fortune-TellerUITests";
				PRODUCT_NAME = "$(TARGET_NAME)";
				SWIFT_EMIT_LOC_STRINGS = NO;
				SWIFT_VERSION = 5.0;
				TARGETED_DEVICE_FAMILY = "1,2";
				TEST_TARGET_NAME = "Fortune Teller";
			};
			name = Debug;
		};
		6F7F45AA2BCB979200AD82BF /* Release */ = {
			isa = XCBuildConfiguration;
			buildSettings = {
				ALWAYS_EMBED_SWIFT_STANDARD_LIBRARIES = YES;
				CODE_SIGN_STYLE = Automatic;
				CURRENT_PROJECT_VERSION = 1;
				GENERATE_INFOPLIST_FILE = YES;
				MARKETING_VERSION = 1.0;
				PRODUCT_BUNDLE_IDENTIFIER = "FT.Fortune-TellerUITests";
				PRODUCT_NAME = "$(TARGET_NAME)";
				SWIFT_EMIT_LOC_STRINGS = NO;
				SWIFT_VERSION = 5.0;
				TARGETED_DEVICE_FAMILY = "1,2";
				TEST_TARGET_NAME = "Fortune Teller";
			};
			name = Release;
		};
/* End XCBuildConfiguration section */

/* Begin XCConfigurationList section */
		6F7F45792BCB979000AD82BF /* Build configuration list for PBXProject "Fortune Teller" */ = {
			isa = XCConfigurationList;
			buildConfigurations = (
				6F7F45A02BCB979200AD82BF /* Debug */,
				6F7F45A12BCB979200AD82BF /* Release */,
			);
			defaultConfigurationIsVisible = 0;
			defaultConfigurationName = Release;
		};
		6F7F45A22BCB979200AD82BF /* Build configuration list for PBXNativeTarget "Fortune Teller" */ = {
			isa = XCConfigurationList;
			buildConfigurations = (
				6F7F45A32BCB979200AD82BF /* Debug */,
				6F7F45A42BCB979200AD82BF /* Release */,
			);
			defaultConfigurationIsVisible = 0;
			defaultConfigurationName = Release;
		};
		6F7F45A52BCB979200AD82BF /* Build configuration list for PBXNativeTarget "Fortune TellerTests" */ = {
			isa = XCConfigurationList;
			buildConfigurations = (
				6F7F45A62BCB979200AD82BF /* Debug */,
				6F7F45A72BCB979200AD82BF /* Release */,
			);
			defaultConfigurationIsVisible = 0;
			defaultConfigurationName = Release;
		};
		6F7F45A82BCB979200AD82BF /* Build configuration list for PBXNativeTarget "Fortune TellerUITests" */ = {
			isa = XCConfigurationList;
			buildConfigurations = (
				6F7F45A92BCB979200AD82BF /* Debug */,
				6F7F45AA2BCB979200AD82BF /* Release */,
			);
			defaultConfigurationIsVisible = 0;
			defaultConfigurationName = Release;
		};
/* End XCConfigurationList section */
	};
	rootObject = 6F7F45762BCB979000AD82BF /* Project object */;
}
